
Microsoft Visual Studio Solution File, Format Version 12.00
# Visual Studio Version 17
VisualStudioVersion = 17.8.34330.188
MinimumVisualStudioVersion = 10.0.40219.1
Project("{FAE04EC0-301F-11D3-BF4B-00C04F79EFBC}") = "StringCalculator", "StringCalculator.csproj", "{C6361A51-98F2-44EA-8DDA-7908BD1F1E16}"
EndProject
Project("{FAE04EC0-301F-11D3-BF4B-00C04F79EFBC}") = "StringCalculatorTest", "..\StringCalculatorTest\StringCalculatorTest.csproj", "{6291FAF7-DE53-46C6-9A58-DBB50BDB7B4F}"
	ProjectSection(ProjectDependencies) = postProject
		{C6361A51-98F2-44EA-8DDA-7908BD1F1E16} = {C6361A51-98F2-44EA-8DDA-7908BD1F1E16}
	EndProjectSection
EndProject
Global
	GlobalSection(SolutionConfigurationPlatforms) = preSolution
		Debug|Any CPU = Debug|Any CPU
		Release|Any CPU = Release|Any CPU
	EndGlobalSection
	GlobalSection(ProjectConfigurationPlatforms) = postSolution
		{C6361A51-98F2-44EA-8DDA-7908BD1F1E16}.Debug|Any CPU.ActiveCfg = Debug|Any CPU
		{C6361A51-98F2-44EA-8DDA-7908BD1F1E16}.Debug|Any CPU.Build.0 = Debug|Any CPU
		{C6361A51-98F2-44EA-8DDA-7908BD1F1E16}.Release|Any CPU.ActiveCfg = Release|Any CPU
		{C6361A51-98F2-44EA-8DDA-7908BD1F1E16}.Release|Any CPU.Build.0 = Release|Any CPU
		{6291FAF7-DE53-46C6-9A58-DBB50BDB7B4F}.Debug|Any CPU.ActiveCfg = Debug|Any CPU
		{6291FAF7-DE53-46C6-9A58-DBB50BDB7B4F}.Debug|Any CPU.Build.0 = Debug|Any CPU
		{6291FAF7-DE53-46C6-9A58-DBB50BDB7B4F}.Release|Any CPU.ActiveCfg = Release|Any CPU
		{6291FAF7-DE53-46C6-9A58-DBB50BDB7B4F}.Release|Any CPU.Build.0 = Release|Any CPU
	EndGlobalSection
	GlobalSection(SolutionProperties) = preSolution
		HideSolutionNode = FALSE
	EndGlobalSection
	GlobalSection(ExtensibilityGlobals) = postSolution
		SolutionGuid = {BB380C52-E356-42D2-916C-3C36B9A2E08D}
	EndGlobalSection
EndGlobal
